// !$*UTF8*$!
{
	archiveVersion = 1;
	classes = {
	};
	objectVersion = 50;
	objects = {

/* Begin PBXBuildFile section */
		1FC1432B24AE58E0000C9B87 /* AppDelegate.swift in Sources */ = {isa = PBXBuildFile; fileRef = 1FC1432A24AE58E0000C9B87 /* AppDelegate.swift */; };
		1FC1432D24AE58E0000C9B87 /* SceneDelegate.swift in Sources */ = {isa = PBXBuildFile; fileRef = 1FC1432C24AE58E0000C9B87 /* SceneDelegate.swift */; };
		1FC1432F24AE58E0000C9B87 /* PokemonListViewController.swift in Sources */ = {isa = PBXBuildFile; fileRef = 1FC1432E24AE58E0000C9B87 /* PokemonListViewController.swift */; };
		1FC1433224AE58E0000C9B87 /* Main.storyboard in Resources */ = {isa = PBXBuildFile; fileRef = 1FC1433024AE58E0000C9B87 /* Main.storyboard */; };
		1FC1433424AE58E3000C9B87 /* Assets.xcassets in Resources */ = {isa = PBXBuildFile; fileRef = 1FC1433324AE58E3000C9B87 /* Assets.xcassets */; };
		1FC1433724AE58E3000C9B87 /* LaunchScreen.storyboard in Resources */ = {isa = PBXBuildFile; fileRef = 1FC1433524AE58E3000C9B87 /* LaunchScreen.storyboard */; };
		1FC1433F24B0C98C000C9B87 /* Pokemon.swift in Sources */ = {isa = PBXBuildFile; fileRef = 1FC1433E24B0C98C000C9B87 /* Pokemon.swift */; };
		1FC1434124B0D818000C9B87 /* PokemonViewController.swift in Sources */ = {isa = PBXBuildFile; fileRef = 1FC1434024B0D818000C9B87 /* PokemonViewController.swift */; };
/* End PBXBuildFile section */

/* Begin PBXFileReference section */
		1FC1432724AE58E0000C9B87 /* Pokedex.app */ = {isa = PBXFileReference; explicitFileType = wrapper.application; includeInIndex = 0; path = Pokedex.app; sourceTree = BUILT_PRODUCTS_DIR; };
		1FC1432A24AE58E0000C9B87 /* AppDelegate.swift */ = {isa = PBXFileReference; lastKnownFileType = sourcecode.swift; path = AppDelegate.swift; sourceTree = "<group>"; };
		1FC1432C24AE58E0000C9B87 /* SceneDelegate.swift */ = {isa = PBXFileReference; lastKnownFileType = sourcecode.swift; path = SceneDelegate.swift; sourceTree = "<group>"; };
		1FC1432E24AE58E0000C9B87 /* PokemonListViewController.swift */ = {isa = PBXFileReference; lastKnownFileType = sourcecode.swift; path = PokemonListViewController.swift; sourceTree = "<group>"; };
		1FC1433124AE58E0000C9B87 /* Base */ = {isa = PBXFileReference; lastKnownFileType = file.storyboard; name = Base; path = Base.lproj/Main.storyboard; sourceTree = "<group>"; };
		1FC1433324AE58E3000C9B87 /* Assets.xcassets */ = {isa = PBXFileReference; lastKnownFileType = folder.assetcatalog; path = Assets.xcassets; sourceTree = "<group>"; };
		1FC1433624AE58E3000C9B87 /* Base */ = {isa = PBXFileReference; lastKnownFileType = file.storyboard; name = Base; path = Base.lproj/LaunchScreen.storyboard; sourceTree = "<group>"; };
		1FC1433824AE58E3000C9B87 /* Info.plist */ = {isa = PBXFileReference; lastKnownFileType = text.plist.xml; path = Info.plist; sourceTree = "<group>"; };
		1FC1433E24B0C98C000C9B87 /* Pokemon.swift */ = {isa = PBXFileReference; lastKnownFileType = sourcecode.swift; path = Pokemon.swift; sourceTree = "<group>"; };
		1FC1434024B0D818000C9B87 /* PokemonViewController.swift */ = {isa = PBXFileReference; lastKnownFileType = sourcecode.swift; path = PokemonViewController.swift; sourceTree = "<group>"; };
/* End PBXFileReference section */

/* Begin PBXFrameworksBuildPhase section */
		1FC1432424AE58E0000C9B87 /* Frameworks */ = {
			isa = PBXFrameworksBuildPhase;
			buildActionMask = 2147483647;
			files = (
			);
			runOnlyForDeploymentPostprocessing = 0;
		};
/* End PBXFrameworksBuildPhase section */

/* Begin PBXGroup section */
		1FC1431E24AE58DF000C9B87 = {
			isa = PBXGroup;
			children = (
				1FC1432924AE58E0000C9B87 /* Pokedex */,
				1FC1432824AE58E0000C9B87 /* Products */,
			);
			sourceTree = "<group>";
		};
		1FC1432824AE58E0000C9B87 /* Products */ = {
			isa = PBXGroup;
			children = (
				1FC1432724AE58E0000C9B87 /* Pokedex.app */,
			);
			name = Products;
			sourceTree = "<group>";
		};
		1FC1432924AE58E0000C9B87 /* Pokedex */ = {
			isa = PBXGroup;
			children = (
				1FC1432A24AE58E0000C9B87 /* AppDelegate.swift */,
				1FC1432C24AE58E0000C9B87 /* SceneDelegate.swift */,
				1FC1432E24AE58E0000C9B87 /* PokemonListViewController.swift */,
				1FC1434024B0D818000C9B87 /* PokemonViewController.swift */,
				1FC1433E24B0C98C000C9B87 /* Pokemon.swift */,
				1FC1433024AE58E0000C9B87 /* Main.storyboard */,
				1FC1433324AE58E3000C9B87 /* Assets.xcassets */,
				1FC1433524AE58E3000C9B87 /* LaunchScreen.storyboard */,
				1FC1433824AE58E3000C9B87 /* Info.plist */,
			);
			path = Pokedex;
			sourceTree = "<group>";
		};
/* End PBXGroup section */

/* Begin PBXNativeTarget section */
		1FC1432624AE58E0000C9B87 /* Pokedex */ = {
			isa = PBXNativeTarget;
			buildConfigurationList = 1FC1433B24AE58E3000C9B87 /* Build configuration list for PBXNativeTarget "Pokedex" */;
			buildPhases = (
				1FC1432324AE58E0000C9B87 /* Sources */,
				1FC1432424AE58E0000C9B87 /* Frameworks */,
				1FC1432524AE58E0000C9B87 /* Resources */,
			);
			buildRules = (
			);
			dependencies = (
			);
			name = Pokedex;
			productName = Pokedex;
			productReference = 1FC1432724AE58E0000C9B87 /* Pokedex.app */;
			productType = "com.apple.product-type.application";
		};
/* End PBXNativeTarget section */

/* Begin PBXProject section */
		1FC1431F24AE58DF000C9B87 /* Project object */ = {
			isa = PBXProject;
			attributes = {
				LastSwiftUpdateCheck = 1150;
				LastUpgradeCheck = 1150;
				ORGANIZATIONNAME = CS50;
				TargetAttributes = {
					1FC1432624AE58E0000C9B87 = {
						CreatedOnToolsVersion = 11.5;
					};
				};
			};
			buildConfigurationList = 1FC1432224AE58DF000C9B87 /* Build configuration list for PBXProject "Pokedex" */;
			compatibilityVersion = "Xcode 9.3";
			developmentRegion = en;
			hasScannedForEncodings = 0;
			knownRegions = (
				en,
				Base,
			);
			mainGroup = 1FC1431E24AE58DF000C9B87;
			productRefGroup = 1FC1432824AE58E0000C9B87 /* Products */;
			projectDirPath = "";
			projectRoot = "";
			targets = (
				1FC1432624AE58E0000C9B87 /* Pokedex */,
			);
		};
/* End PBXProject section */

/* Begin PBXResourcesBuildPhase section */
		1FC1432524AE58E0000C9B87 /* Resources */ = {
			isa = PBXResourcesBuildPhase;
			buildActionMask = 2147483647;
			files = (
				1FC1433724AE58E3000C9B87 /* LaunchScreen.storyboard in Resources */,
				1FC1433424AE58E3000C9B87 /* Assets.xcassets in Resources */,
				1FC1433224AE58E0000C9B87 /* Main.storyboard in Resources */,
			);
			runOnlyForDeploymentPostprocessing = 0;
		};
/* End PBXResourcesBuildPhase section */

/* Begin PBXSourcesBuildPhase section */
		1FC1432324AE58E0000C9B87 /* Sources */ = {
			isa = PBXSourcesBuildPhase;
			buildActionMask = 2147483647;
			files = (
				1FC1432F24AE58E0000C9B87 /* PokemonListViewController.swift in Sources */,
				1FC1434124B0D818000C9B87 /* PokemonViewController.swift in Sources */,
				1FC1433F24B0C98C000C9B87 /* Pokemon.swift in Sources */,
				1FC1432B24AE58E0000C9B87 /* AppDelegate.swift in Sources */,
				1FC1432D24AE58E0000C9B87 /* SceneDelegate.swift in Sources */,
			);
			runOnlyForDeploymentPostprocessing = 0;
		};
/* End PBXSourcesBuildPhase section */

/* Begin PBXVariantGroup section */
		1FC1433024AE58E0000C9B87 /* Main.storyboard */ = {
			isa = PBXVariantGroup;
			children = (
				1FC1433124AE58E0000C9B87 /* Base */,
			);
			name = Main.storyboard;
			sourceTree = "<group>";
		};
		1FC1433524AE58E3000C9B87 /* LaunchScreen.storyboard */ = {
			isa = PBXVariantGroup;
			children = (
				1FC1433624AE58E3000C9B87 /* Base */,
			);
			name = LaunchScreen.storyboard;
			sourceTree = "<group>";
		};
/* End PBXVariantGroup section */

/* Begin XCBuildConfiguration section */
		1FC1433924AE58E3000C9B87 /* Debug */ = {
			isa = XCBuildConfiguration;
			buildSettings = {
				ALWAYS_SEARCH_USER_PATHS = NO;
				CLANG_ANALYZER_NONNULL = YES;
				CLANG_ANALYZER_NUMBER_OBJECT_CONVERSION = YES_AGGRESSIVE;
				CLANG_CXX_LANGUAGE_STANDARD = "gnu++14";
				CLANG_CXX_LIBRARY = "libc++";
				CLANG_ENABLE_MODULES = YES;
				CLANG_ENABLE_OBJC_ARC = YES;
				CLANG_ENABLE_OBJC_WEAK = YES;
				CLANG_WARN_BLOCK_CAPTURE_AUTORELEASING = YES;
				CLANG_WARN_BOOL_CONVERSION = YES;
				CLANG_WARN_COMMA = YES;
				CLANG_WARN_CONSTANT_CONVERSION = YES;
				CLANG_WARN_DEPRECATED_OBJC_IMPLEMENTATIONS = YES;
				CLANG_WARN_DIRECT_OBJC_ISA_USAGE = YES_ERROR;
				CLANG_WARN_DOCUMENTATION_COMMENTS = YES;
				CLANG_WARN_EMPTY_BODY = YES;
				CLANG_WARN_ENUM_CONVERSION = YES;
				CLANG_WARN_INFINITE_RECURSION = YES;
				CLANG_WARN_INT_CONVERSION = YES;
				CLANG_WARN_NON_LITERAL_NULL_CONVERSION = YES;
				CLANG_WARN_OBJC_IMPLICIT_RETAIN_SELF = YES;
				CLANG_WARN_OBJC_LITERAL_CONVERSION = YES;
				CLANG_WARN_OBJC_ROOT_CLASS = YES_ERROR;
				CLANG_WARN_RANGE_LOOP_ANALYSIS = YES;
				CLANG_WARN_STRICT_PROTOTYPES = YES;
				CLANG_WARN_SUSPICIOUS_MOVE = YES;
				CLANG_WARN_UNGUARDED_AVAILABILITY = YES_AGGRESSIVE;
				CLANG_WARN_UNREACHABLE_CODE = YES;
				CLANG_WARN__DUPLICATE_METHOD_MATCH = YES;
				COPY_PHASE_STRIP = NO;
				DEBUG_INFORMATION_FORMAT = dwarf;
				ENABLE_STRICT_OBJC_MSGSEND = YES;
				ENABLE_TESTABILITY = YES;
				GCC_C_LANGUAGE_STANDARD = gnu11;
				GCC_DYNAMIC_NO_PIC = NO;
				GCC_NO_COMMON_BLOCKS = YES;
				GCC_OPTIMIZATION_LEVEL = 0;
				GCC_PREPROCESSOR_DEFINITIONS = (
					"DEBUG=1",
					"$(inherited)",
				);
				GCC_WARN_64_TO_32_BIT_CONVERSION = YES;
				GCC_WARN_ABOUT_RETURN_TYPE = YES_ERROR;
				GCC_WARN_UNDECLARED_SELECTOR = YES;
				GCC_WARN_UNINITIALIZED_AUTOS = YES_AGGRESSIVE;
				GCC_WARN_UNUSED_FUNCTION = YES;
				GCC_WARN_UNUSED_VARIABLE = YES;
				IPHONEOS_DEPLOYMENT_TARGET = 13.5;
				MTL_ENABLE_DEBUG_INFO = INCLUDE_SOURCE;
				MTL_FAST_MATH = YES;
				ONLY_ACTIVE_ARCH = YES;
				SDKROOT = iphoneos;
				SWIFT_ACTIVE_COMPILATION_CONDITIONS = DEBUG;
				SWIFT_OPTIMIZATION_LEVEL = "-Onone";
			};
			name = Debug;
		};
		1FC1433A24AE58E3000C9B87 /* Release */ = {
			isa = XCBuildConfiguration;
			buildSettings = {
				ALWAYS_SEARCH_USER_PATHS = NO;
				CLANG_ANALYZER_NONNULL = YES;
				CLANG_ANALYZER_NUMBER_OBJECT_CONVERSION = YES_AGGRESSIVE;
				CLANG_CXX_LANGUAGE_STANDARD = "gnu++14";
				CLANG_CXX_LIBRARY = "libc++";
				CLANG_ENABLE_MODULES = YES;
				CLANG_ENABLE_OBJC_ARC = YES;
				CLANG_ENABLE_OBJC_WEAK = YES;
				CLANG_WARN_BLOCK_CAPTURE_AUTORELEASING = YES;
				CLANG_WARN_BOOL_CONVERSION = YES;
				CLANG_WARN_COMMA = YES;
				CLANG_WARN_CONSTANT_CONVERSION = YES;
				CLANG_WARN_DEPRECATED_OBJC_IMPLEMENTATIONS = YES;
				CLANG_WARN_DIRECT_OBJC_ISA_USAGE = YES_ERROR;
				CLANG_WARN_DOCUMENTATION_COMMENTS = YES;
				CLANG_WARN_EMPTY_BODY = YES;
				CLANG_WARN_ENUM_CONVERSION = YES;
				CLANG_WARN_INFINITE_RECURSION = YES;
				CLANG_WARN_INT_CONVERSION = YES;
				CLANG_WARN_NON_LITERAL_NULL_CONVERSION = YES;
				CLANG_WARN_OBJC_IMPLICIT_RETAIN_SELF = YES;
				CLANG_WARN_OBJC_LITERAL_CONVERSION = YES;
				CLANG_WARN_OBJC_ROOT_CLASS = YES_ERROR;
				CLANG_WARN_RANGE_LOOP_ANALYSIS = YES;
				CLANG_WARN_STRICT_PROTOTYPES = YES;
				CLANG_WARN_SUSPICIOUS_MOVE = YES;
				CLANG_WARN_UNGUARDED_AVAILABILITY = YES_AGGRESSIVE;
				CLANG_WARN_UNREACHABLE_CODE = YES;
				CLANG_WARN__DUPLICATE_METHOD_MATCH = YES;
				COPY_PHASE_STRIP = NO;
				DEBUG_INFORMATION_FORMAT = "dwarf-with-dsym";
				ENABLE_NS_ASSERTIONS = NO;
				ENABLE_STRICT_OBJC_MSGSEND = YES;
				GCC_C_LANGUAGE_STANDARD = gnu11;
				GCC_NO_COMMON_BLOCKS = YES;
				GCC_WARN_64_TO_32_BIT_CONVERSION = YES;
				GCC_WARN_ABOUT_RETURN_TYPE = YES_ERROR;
				GCC_WARN_UNDECLARED_SELECTOR = YES;
				GCC_WARN_UNINITIALIZED_AUTOS = YES_AGGRESSIVE;
				GCC_WARN_UNUSED_FUNCTION = YES;
				GCC_WARN_UNUSED_VARIABLE = YES;
				IPHONEOS_DEPLOYMENT_TARGET = 13.5;
				MTL_ENABLE_DEBUG_INFO = NO;
				MTL_FAST_MATH = YES;
				SDKROOT = iphoneos;
				SWIFT_COMPILATION_MODE = wholemodule;
				SWIFT_OPTIMIZATION_LEVEL = "-O";
				VALIDATE_PRODUCT = YES;
			};
			name = Release;
		};
		1FC1433C24AE58E3000C9B87 /* Debug */ = {
			isa = XCBuildConfiguration;
			buildSettings = {
				ASSETCATALOG_COMPILER_APPICON_NAME = AppIcon;
				CODE_SIGN_STYLE = Automatic;
				INFOPLIST_FILE = Pokedex/Info.plist;
				LD_RUNPATH_SEARCH_PATHS = (
					"$(inherited)",
					"@executable_path/Frameworks",
				);
				PRODUCT_BUNDLE_IDENTIFIER = edu.harvard.cs50.Pokedex;
				PRODUCT_NAME = "$(TARGET_NAME)";
				SWIFT_VERSION = 5.0;
				TARGETED_DEVICE_FAMILY = "1,2";
			};
			name = Debug;
		};
		1FC1433D24AE58E3000C9B87 /* Release */ = {
			isa = XCBuildConfiguration;
			buildSettings = {
				ASSETCATALOG_COMPILER_APPICON_NAME = AppIcon;
				CODE_SIGN_STYLE = Automatic;
				INFOPLIST_FILE = Pokedex/Info.plist;
				LD_RUNPATH_SEARCH_PATHS = (
					"$(inherited)",
					"@executable_path/Frameworks",
				);
				PRODUCT_BUNDLE_IDENTIFIER = edu.harvard.cs50.Pokedex;
				PRODUCT_NAME = "$(TARGET_NAME)";
				SWIFT_VERSION = 5.0;
				TARGETED_DEVICE_FAMILY = "1,2";
			};
			name = Release;
		};
/* End XCBuildConfiguration section */

/* Begin XCConfigurationList section */
		1FC1432224AE58DF000C9B87 /* Build configuration list for PBXProject "Pokedex" */ = {
			isa = XCConfigurationList;
			buildConfigurations = (
				1FC1433924AE58E3000C9B87 /* Debug */,
				1FC1433A24AE58E3000C9B87 /* Release */,
			);
			defaultConfigurationIsVisible = 0;
			defaultConfigurationName = Release;
		};
		1FC1433B24AE58E3000C9B87 /* Build configuration list for PBXNativeTarget "Pokedex" */ = {
			isa = XCConfigurationList;
			buildConfigurations = (
				1FC1433C24AE58E3000C9B87 /* Debug */,
				1FC1433D24AE58E3000C9B87 /* Release */,
			);
			defaultConfigurationIsVisible = 0;
			defaultConfigurationName = Release;
		};
/* End XCConfigurationList section */
	};
	rootObject = 1FC1431F24AE58DF000C9B87 /* Project object */;
}
